
Microsoft Visual Studio Solution File, Format Version 12.00
# Visual Studio Version 17
VisualStudioVersion = 17.8.34316.72
MinimumVisualStudioVersion = 10.0.40219.1
Project("{9A19103F-16F7-4668-BE54-9A1E7A4F7556}") = "StswApps", "StswApps\StswApps.csproj", "{BE776DCF-FFEE-4B00-A9B2-600E9570CB54}"
EndProject
Project("{00D1A9C2-B5F0-4AF3-8072-F6C62B433612}") = "SQL", "SQL\SQL.sqlproj", "{C9D34AFB-C401-4D61-90F4-3E499A3A2FD5}"
EndProject
Global
	GlobalSection(SolutionConfigurationPlatforms) = preSolution
		Debug|Any CPU = Debug|Any CPU
		Release|Any CPU = Release|Any CPU
	EndGlobalSection
	GlobalSection(ProjectConfigurationPlatforms) = postSolution
		{BE776DCF-FFEE-4B00-A9B2-600E9570CB54}.Debug|Any CPU.ActiveCfg = Debug|Any CPU
		{BE776DCF-FFEE-4B00-A9B2-600E9570CB54}.Debug|Any CPU.Build.0 = Debug|Any CPU
		{BE776DCF-FFEE-4B00-A9B2-600E9570CB54}.Release|Any CPU.ActiveCfg = Release|Any CPU
		{BE776DCF-FFEE-4B00-A9B2-600E9570CB54}.Release|Any CPU.Build.0 = Release|Any CPU
		{C9D34AFB-C401-4D61-90F4-3E499A3A2FD5}.Debug|Any CPU.ActiveCfg = Debug|Any CPU
		{C9D34AFB-C401-4D61-90F4-3E499A3A2FD5}.Debug|Any CPU.Build.0 = Debug|Any CPU
		{C9D34AFB-C401-4D61-90F4-3E499A3A2FD5}.Debug|Any CPU.Deploy.0 = Debug|Any CPU
		{C9D34AFB-C401-4D61-90F4-3E499A3A2FD5}.Release|Any CPU.ActiveCfg = Release|Any CPU
		{C9D34AFB-C401-4D61-90F4-3E499A3A2FD5}.Release|Any CPU.Build.0 = Release|Any CPU
		{C9D34AFB-C401-4D61-90F4-3E499A3A2FD5}.Release|Any CPU.Deploy.0 = Release|Any CPU
	EndGlobalSection
	GlobalSection(SolutionProperties) = preSolution
		HideSolutionNode = FALSE
	EndGlobalSection
	GlobalSection(ExtensibilityGlobals) = postSolution
		SolutionGuid = {67527113-E927-4801-B018-96773879AD37}
	EndGlobalSection
EndGlobal
